// !$*UTF8*$!
{
	archiveVersion = 1;
	classes = {
	};
	objectVersion = 50;
	objects = {

/* Begin PBXBuildFile section */
		7AE0E4792522430B0047A951 /* AppDelegate.m in Sources */ = {isa = PBXBuildFile; fileRef = 7AE0E4782522430B0047A951 /* AppDelegate.m */; };
		7AE0E47C2522430B0047A951 /* SceneDelegate.m in Sources */ = {isa = PBXBuildFile; fileRef = 7AE0E47B2522430B0047A951 /* SceneDelegate.m */; };
		7AE0E4822522430B0047A951 /* Main.storyboard in Resources */ = {isa = PBXBuildFile; fileRef = 7AE0E4802522430B0047A951 /* Main.storyboard */; };
		7AE0E4842522430D0047A951 /* Assets.xcassets in Resources */ = {isa = PBXBuildFile; fileRef = 7AE0E4832522430D0047A951 /* Assets.xcassets */; };
		7AE0E4872522430D0047A951 /* LaunchScreen.storyboard in Resources */ = {isa = PBXBuildFile; fileRef = 7AE0E4852522430D0047A951 /* LaunchScreen.storyboard */; };
		7AE0E48A2522430D0047A951 /* main.m in Sources */ = {isa = PBXBuildFile; fileRef = 7AE0E4892522430D0047A951 /* main.m */; };
		7AE0E494252243D90047A951 /* Entry.m in Sources */ = {isa = PBXBuildFile; fileRef = 7AE0E493252243D90047A951 /* Entry.m */; };
		7AE0E49A2522470B0047A951 /* EntryController.m in Sources */ = {isa = PBXBuildFile; fileRef = 7AE0E4992522470B0047A951 /* EntryController.m */; };
		7AE0E49F25224C180047A951 /* EntryListTableViewController.m in Sources */ = {isa = PBXBuildFile; fileRef = 7AE0E49E25224C180047A951 /* EntryListTableViewController.m */; };
		7AE0E4A2252253740047A951 /* EntryDetailViewController.m in Sources */ = {isa = PBXBuildFile; fileRef = 7AE0E4A1252253740047A951 /* EntryDetailViewController.m */; };
/* End PBXBuildFile section */

/* Begin PBXFileReference section */
		7AE0E4742522430B0047A951 /* Journal-C.app */ = {isa = PBXFileReference; explicitFileType = wrapper.application; includeInIndex = 0; path = "Journal-C.app"; sourceTree = BUILT_PRODUCTS_DIR; };
		7AE0E4772522430B0047A951 /* AppDelegate.h */ = {isa = PBXFileReference; lastKnownFileType = sourcecode.c.h; path = AppDelegate.h; sourceTree = "<group>"; };
		7AE0E4782522430B0047A951 /* AppDelegate.m */ = {isa = PBXFileReference; lastKnownFileType = sourcecode.c.objc; path = AppDelegate.m; sourceTree = "<group>"; };
		7AE0E47A2522430B0047A951 /* SceneDelegate.h */ = {isa = PBXFileReference; lastKnownFileType = sourcecode.c.h; path = SceneDelegate.h; sourceTree = "<group>"; };
		7AE0E47B2522430B0047A951 /* SceneDelegate.m */ = {isa = PBXFileReference; lastKnownFileType = sourcecode.c.objc; path = SceneDelegate.m; sourceTree = "<group>"; };
		7AE0E4812522430B0047A951 /* Base */ = {isa = PBXFileReference; lastKnownFileType = file.storyboard; name = Base; path = Base.lproj/Main.storyboard; sourceTree = "<group>"; };
		7AE0E4832522430D0047A951 /* Assets.xcassets */ = {isa = PBXFileReference; lastKnownFileType = folder.assetcatalog; path = Assets.xcassets; sourceTree = "<group>"; };
		7AE0E4862522430D0047A951 /* Base */ = {isa = PBXFileReference; lastKnownFileType = file.storyboard; name = Base; path = Base.lproj/LaunchScreen.storyboard; sourceTree = "<group>"; };
		7AE0E4882522430D0047A951 /* Info.plist */ = {isa = PBXFileReference; lastKnownFileType = text.plist.xml; path = Info.plist; sourceTree = "<group>"; };
		7AE0E4892522430D0047A951 /* main.m */ = {isa = PBXFileReference; lastKnownFileType = sourcecode.c.objc; path = main.m; sourceTree = "<group>"; };
		7AE0E492252243D90047A951 /* Entry.h */ = {isa = PBXFileReference; lastKnownFileType = sourcecode.c.h; path = Entry.h; sourceTree = "<group>"; };
		7AE0E493252243D90047A951 /* Entry.m */ = {isa = PBXFileReference; lastKnownFileType = sourcecode.c.objc; path = Entry.m; sourceTree = "<group>"; };
		7AE0E4982522470B0047A951 /* EntryController.h */ = {isa = PBXFileReference; lastKnownFileType = sourcecode.c.h; path = EntryController.h; sourceTree = "<group>"; };
		7AE0E4992522470B0047A951 /* EntryController.m */ = {isa = PBXFileReference; lastKnownFileType = sourcecode.c.objc; path = EntryController.m; sourceTree = "<group>"; };
		7AE0E49D25224C180047A951 /* EntryListTableViewController.h */ = {isa = PBXFileReference; lastKnownFileType = sourcecode.c.h; path = EntryListTableViewController.h; sourceTree = "<group>"; };
		7AE0E49E25224C180047A951 /* EntryListTableViewController.m */ = {isa = PBXFileReference; lastKnownFileType = sourcecode.c.objc; path = EntryListTableViewController.m; sourceTree = "<group>"; };
		7AE0E4A0252253740047A951 /* EntryDetailViewController.h */ = {isa = PBXFileReference; lastKnownFileType = sourcecode.c.h; path = EntryDetailViewController.h; sourceTree = "<group>"; };
		7AE0E4A1252253740047A951 /* EntryDetailViewController.m */ = {isa = PBXFileReference; lastKnownFileType = sourcecode.c.objc; path = EntryDetailViewController.m; sourceTree = "<group>"; };
/* End PBXFileReference section */

/* Begin PBXFrameworksBuildPhase section */
		7AE0E4712522430B0047A951 /* Frameworks */ = {
			isa = PBXFrameworksBuildPhase;
			buildActionMask = 2147483647;
			files = (
			);
			runOnlyForDeploymentPostprocessing = 0;
		};
/* End PBXFrameworksBuildPhase section */

/* Begin PBXGroup section */
		7AE0E46B2522430B0047A951 = {
			isa = PBXGroup;
			children = (
				7AE0E4762522430B0047A951 /* Journal-C */,
				7AE0E4752522430B0047A951 /* Products */,
			);
			sourceTree = "<group>";
		};
		7AE0E4752522430B0047A951 /* Products */ = {
			isa = PBXGroup;
			children = (
				7AE0E4742522430B0047A951 /* Journal-C.app */,
			);
			name = Products;
			sourceTree = "<group>";
		};
		7AE0E4762522430B0047A951 /* Journal-C */ = {
			isa = PBXGroup;
			children = (
				7AE0E49B25224B990047A951 /* Views */,
				7AE0E491252243AF0047A951 /* Models */,
				7AE0E495252246AA0047A951 /* Controllers */,
				7AE0E490252243210047A951 /* Resources */,
			);
			path = "Journal-C";
			sourceTree = "<group>";
		};
		7AE0E490252243210047A951 /* Resources */ = {
			isa = PBXGroup;
			children = (
				7AE0E4772522430B0047A951 /* AppDelegate.h */,
				7AE0E4782522430B0047A951 /* AppDelegate.m */,
				7AE0E47A2522430B0047A951 /* SceneDelegate.h */,
				7AE0E47B2522430B0047A951 /* SceneDelegate.m */,
				7AE0E4832522430D0047A951 /* Assets.xcassets */,
				7AE0E4852522430D0047A951 /* LaunchScreen.storyboard */,
				7AE0E4882522430D0047A951 /* Info.plist */,
				7AE0E4892522430D0047A951 /* main.m */,
			);
			path = Resources;
			sourceTree = "<group>";
		};
		7AE0E491252243AF0047A951 /* Models */ = {
			isa = PBXGroup;
			children = (
				7AE0E492252243D90047A951 /* Entry.h */,
				7AE0E493252243D90047A951 /* Entry.m */,
			);
			path = Models;
			sourceTree = "<group>";
		};
		7AE0E495252246AA0047A951 /* Controllers */ = {
			isa = PBXGroup;
			children = (
				7AE0E496252246C10047A951 /* Model Controllers */,
				7AE0E497252246C70047A951 /* View Controllers */,
			);
			path = Controllers;
			sourceTree = "<group>";
		};
		7AE0E496252246C10047A951 /* Model Controllers */ = {
			isa = PBXGroup;
			children = (
				7AE0E4982522470B0047A951 /* EntryController.h */,
				7AE0E4992522470B0047A951 /* EntryController.m */,
			);
			path = "Model Controllers";
			sourceTree = "<group>";
		};
		7AE0E497252246C70047A951 /* View Controllers */ = {
			isa = PBXGroup;
			children = (
				7AE0E49D25224C180047A951 /* EntryListTableViewController.h */,
				7AE0E49E25224C180047A951 /* EntryListTableViewController.m */,
				7AE0E4A0252253740047A951 /* EntryDetailViewController.h */,
				7AE0E4A1252253740047A951 /* EntryDetailViewController.m */,
			);
			path = "View Controllers";
			sourceTree = "<group>";
		};
		7AE0E49B25224B990047A951 /* Views */ = {
			isa = PBXGroup;
			children = (
				7AE0E49C25224BA00047A951 /* Storyboards */,
			);
			path = Views;
			sourceTree = "<group>";
		};
		7AE0E49C25224BA00047A951 /* Storyboards */ = {
			isa = PBXGroup;
			children = (
				7AE0E4802522430B0047A951 /* Main.storyboard */,
			);
			path = Storyboards;
			sourceTree = "<group>";
		};
/* End PBXGroup section */

/* Begin PBXNativeTarget section */
		7AE0E4732522430B0047A951 /* Journal-C */ = {
			isa = PBXNativeTarget;
			buildConfigurationList = 7AE0E48D2522430D0047A951 /* Build configuration list for PBXNativeTarget "Journal-C" */;
			buildPhases = (
				7AE0E4702522430B0047A951 /* Sources */,
				7AE0E4712522430B0047A951 /* Frameworks */,
				7AE0E4722522430B0047A951 /* Resources */,
			);
			buildRules = (
			);
			dependencies = (
			);
			name = "Journal-C";
			productName = "Journal-C";
			productReference = 7AE0E4742522430B0047A951 /* Journal-C.app */;
			productType = "com.apple.product-type.application";
		};
/* End PBXNativeTarget section */

/* Begin PBXProject section */
		7AE0E46C2522430B0047A951 /* Project object */ = {
			isa = PBXProject;
			attributes = {
				LastUpgradeCheck = 1170;
				ORGANIZATIONNAME = "Jordan Bryant";
				TargetAttributes = {
					7AE0E4732522430B0047A951 = {
						CreatedOnToolsVersion = 11.7;
					};
				};
			};
			buildConfigurationList = 7AE0E46F2522430B0047A951 /* Build configuration list for PBXProject "Journal-C" */;
			compatibilityVersion = "Xcode 9.3";
			developmentRegion = en;
			hasScannedForEncodings = 0;
			knownRegions = (
				en,
				Base,
			);
			mainGroup = 7AE0E46B2522430B0047A951;
			productRefGroup = 7AE0E4752522430B0047A951 /* Products */;
			projectDirPath = "";
			projectRoot = "";
			targets = (
				7AE0E4732522430B0047A951 /* Journal-C */,
			);
		};
/* End PBXProject section */

/* Begin PBXResourcesBuildPhase section */
		7AE0E4722522430B0047A951 /* Resources */ = {
			isa = PBXResourcesBuildPhase;
			buildActionMask = 2147483647;
			files = (
				7AE0E4872522430D0047A951 /* LaunchScreen.storyboard in Resources */,
				7AE0E4842522430D0047A951 /* Assets.xcassets in Resources */,
				7AE0E4822522430B0047A951 /* Main.storyboard in Resources */,
			);
			runOnlyForDeploymentPostprocessing = 0;
		};
/* End PBXResourcesBuildPhase section */

/* Begin PBXSourcesBuildPhase section */
		7AE0E4702522430B0047A951 /* Sources */ = {
			isa = PBXSourcesBuildPhase;
			buildActionMask = 2147483647;
			files = (
				7AE0E494252243D90047A951 /* Entry.m in Sources */,
				7AE0E49A2522470B0047A951 /* EntryController.m in Sources */,
				7AE0E4792522430B0047A951 /* AppDelegate.m in Sources */,
				7AE0E48A2522430D0047A951 /* main.m in Sources */,
				7AE0E49F25224C180047A951 /* EntryListTableViewController.m in Sources */,
				7AE0E4A2252253740047A951 /* EntryDetailViewController.m in Sources */,
				7AE0E47C2522430B0047A951 /* SceneDelegate.m in Sources */,
			);
			runOnlyForDeploymentPostprocessing = 0;
		};
/* End PBXSourcesBuildPhase section */

/* Begin PBXVariantGroup section */
		7AE0E4802522430B0047A951 /* Main.storyboard */ = {
			isa = PBXVariantGroup;
			children = (
				7AE0E4812522430B0047A951 /* Base */,
			);
			name = Main.storyboard;
			sourceTree = "<group>";
		};
		7AE0E4852522430D0047A951 /* LaunchScreen.storyboard */ = {
			isa = PBXVariantGroup;
			children = (
				7AE0E4862522430D0047A951 /* Base */,
			);
			name = LaunchScreen.storyboard;
			sourceTree = "<group>";
		};
/* End PBXVariantGroup section */

/* Begin XCBuildConfiguration section */
		7AE0E48B2522430D0047A951 /* Debug */ = {
			isa = XCBuildConfiguration;
			buildSettings = {
				ALWAYS_SEARCH_USER_PATHS = NO;
				CLANG_ANALYZER_NONNULL = YES;
				CLANG_ANALYZER_NUMBER_OBJECT_CONVERSION = YES_AGGRESSIVE;
				CLANG_CXX_LANGUAGE_STANDARD = "gnu++14";
				CLANG_CXX_LIBRARY = "libc++";
				CLANG_ENABLE_MODULES = YES;
				CLANG_ENABLE_OBJC_ARC = YES;
				CLANG_ENABLE_OBJC_WEAK = YES;
				CLANG_WARN_BLOCK_CAPTURE_AUTORELEASING = YES;
				CLANG_WARN_BOOL_CONVERSION = YES;
				CLANG_WARN_COMMA = YES;
				CLANG_WARN_CONSTANT_CONVERSION = YES;
				CLANG_WARN_DEPRECATED_OBJC_IMPLEMENTATIONS = YES;
				CLANG_WARN_DIRECT_OBJC_ISA_USAGE = YES_ERROR;
				CLANG_WARN_DOCUMENTATION_COMMENTS = YES;
				CLANG_WARN_EMPTY_BODY = YES;
				CLANG_WARN_ENUM_CONVERSION = YES;
				CLANG_WARN_INFINITE_RECURSION = YES;
				CLANG_WARN_INT_CONVERSION = YES;
				CLANG_WARN_NON_LITERAL_NULL_CONVERSION = YES;
				CLANG_WARN_OBJC_IMPLICIT_RETAIN_SELF = YES;
				CLANG_WARN_OBJC_LITERAL_CONVERSION = YES;
				CLANG_WARN_OBJC_ROOT_CLASS = YES_ERROR;
				CLANG_WARN_RANGE_LOOP_ANALYSIS = YES;
				CLANG_WARN_STRICT_PROTOTYPES = YES;
				CLANG_WARN_SUSPICIOUS_MOVE = YES;
				CLANG_WARN_UNGUARDED_AVAILABILITY = YES_AGGRESSIVE;
				CLANG_WARN_UNREACHABLE_CODE = YES;
				CLANG_WARN__DUPLICATE_METHOD_MATCH = YES;
				COPY_PHASE_STRIP = NO;
				DEBUG_INFORMATION_FORMAT = dwarf;
				ENABLE_STRICT_OBJC_MSGSEND = YES;
				ENABLE_TESTABILITY = YES;
				GCC_C_LANGUAGE_STANDARD = gnu11;
				GCC_DYNAMIC_NO_PIC = NO;
				GCC_NO_COMMON_BLOCKS = YES;
				GCC_OPTIMIZATION_LEVEL = 0;
				GCC_PREPROCESSOR_DEFINITIONS = (
					"DEBUG=1",
					"$(inherited)",
				);
				GCC_WARN_64_TO_32_BIT_CONVERSION = YES;
				GCC_WARN_ABOUT_RETURN_TYPE = YES_ERROR;
				GCC_WARN_UNDECLARED_SELECTOR = YES;
				GCC_WARN_UNINITIALIZED_AUTOS = YES_AGGRESSIVE;
				GCC_WARN_UNUSED_FUNCTION = YES;
				GCC_WARN_UNUSED_VARIABLE = YES;
				IPHONEOS_DEPLOYMENT_TARGET = 13.7;
				MTL_ENABLE_DEBUG_INFO = INCLUDE_SOURCE;
				MTL_FAST_MATH = YES;
				ONLY_ACTIVE_ARCH = YES;
				SDKROOT = iphoneos;
			};
			name = Debug;
		};
		7AE0E48C2522430D0047A951 /* Release */ = {
			isa = XCBuildConfiguration;
			buildSettings = {
				ALWAYS_SEARCH_USER_PATHS = NO;
				CLANG_ANALYZER_NONNULL = YES;
				CLANG_ANALYZER_NUMBER_OBJECT_CONVERSION = YES_AGGRESSIVE;
				CLANG_CXX_LANGUAGE_STANDARD = "gnu++14";
				CLANG_CXX_LIBRARY = "libc++";
				CLANG_ENABLE_MODULES = YES;
				CLANG_ENABLE_OBJC_ARC = YES;
				CLANG_ENABLE_OBJC_WEAK = YES;
				CLANG_WARN_BLOCK_CAPTURE_AUTORELEASING = YES;
				CLANG_WARN_BOOL_CONVERSION = YES;
				CLANG_WARN_COMMA = YES;
				CLANG_WARN_CONSTANT_CONVERSION = YES;
				CLANG_WARN_DEPRECATED_OBJC_IMPLEMENTATIONS = YES;
				CLANG_WARN_DIRECT_OBJC_ISA_USAGE = YES_ERROR;
				CLANG_WARN_DOCUMENTATION_COMMENTS = YES;
				CLANG_WARN_EMPTY_BODY = YES;
				CLANG_WARN_ENUM_CONVERSION = YES;
				CLANG_WARN_INFINITE_RECURSION = YES;
				CLANG_WARN_INT_CONVERSION = YES;
				CLANG_WARN_NON_LITERAL_NULL_CONVERSION = YES;
				CLANG_WARN_OBJC_IMPLICIT_RETAIN_SELF = YES;
				CLANG_WARN_OBJC_LITERAL_CONVERSION = YES;
				CLANG_WARN_OBJC_ROOT_CLASS = YES_ERROR;
				CLANG_WARN_RANGE_LOOP_ANALYSIS = YES;
				CLANG_WARN_STRICT_PROTOTYPES = YES;
				CLANG_WARN_SUSPICIOUS_MOVE = YES;
				CLANG_WARN_UNGUARDED_AVAILABILITY = YES_AGGRESSIVE;
				CLANG_WARN_UNREACHABLE_CODE = YES;
				CLANG_WARN__DUPLICATE_METHOD_MATCH = YES;
				COPY_PHASE_STRIP = NO;
				DEBUG_INFORMATION_FORMAT = "dwarf-with-dsym";
				ENABLE_NS_ASSERTIONS = NO;
				ENABLE_STRICT_OBJC_MSGSEND = YES;
				GCC_C_LANGUAGE_STANDARD = gnu11;
				GCC_NO_COMMON_BLOCKS = YES;
				GCC_WARN_64_TO_32_BIT_CONVERSION = YES;
				GCC_WARN_ABOUT_RETURN_TYPE = YES_ERROR;
				GCC_WARN_UNDECLARED_SELECTOR = YES;
				GCC_WARN_UNINITIALIZED_AUTOS = YES_AGGRESSIVE;
				GCC_WARN_UNUSED_FUNCTION = YES;
				GCC_WARN_UNUSED_VARIABLE = YES;
				IPHONEOS_DEPLOYMENT_TARGET = 13.7;
				MTL_ENABLE_DEBUG_INFO = NO;
				MTL_FAST_MATH = YES;
				SDKROOT = iphoneos;
				VALIDATE_PRODUCT = YES;
			};
			name = Release;
		};
		7AE0E48E2522430D0047A951 /* Debug */ = {
			isa = XCBuildConfiguration;
			buildSettings = {
				ASSETCATALOG_COMPILER_APPICON_NAME = AppIcon;
				CODE_SIGN_STYLE = Automatic;
				DEVELOPMENT_TEAM = PPT8LS6UXM;
				INFOPLIST_FILE = "Journal-C/Resources/Info.plist";
				LD_RUNPATH_SEARCH_PATHS = (
					"$(inherited)",
					"@executable_path/Frameworks",
				);
				PRODUCT_BUNDLE_IDENTIFIER = "jordan.Journal-C";
				PRODUCT_NAME = "$(TARGET_NAME)";
				TARGETED_DEVICE_FAMILY = "1,2";
			};
			name = Debug;
		};
		7AE0E48F2522430D0047A951 /* Release */ = {
			isa = XCBuildConfiguration;
			buildSettings = {
				ASSETCATALOG_COMPILER_APPICON_NAME = AppIcon;
				CODE_SIGN_STYLE = Automatic;
				DEVELOPMENT_TEAM = PPT8LS6UXM;
				INFOPLIST_FILE = "Journal-C/Resources/Info.plist";
				LD_RUNPATH_SEARCH_PATHS = (
					"$(inherited)",
					"@executable_path/Frameworks",
				);
				PRODUCT_BUNDLE_IDENTIFIER = "jordan.Journal-C";
				PRODUCT_NAME = "$(TARGET_NAME)";
				TARGETED_DEVICE_FAMILY = "1,2";
			};
			name = Release;
		};
/* End XCBuildConfiguration section */

/* Begin XCConfigurationList section */
		7AE0E46F2522430B0047A951 /* Build configuration list for PBXProject "Journal-C" */ = {
			isa = XCConfigurationList;
			buildConfigurations = (
				7AE0E48B2522430D0047A951 /* Debug */,
				7AE0E48C2522430D0047A951 /* Release */,
			);
			defaultConfigurationIsVisible = 0;
			defaultConfigurationName = Release;
		};
		7AE0E48D2522430D0047A951 /* Build configuration list for PBXNativeTarget "Journal-C" */ = {
			isa = XCConfigurationList;
			buildConfigurations = (
				7AE0E48E2522430D0047A951 /* Debug */,
				7AE0E48F2522430D0047A951 /* Release */,
			);
			defaultConfigurationIsVisible = 0;
			defaultConfigurationName = Release;
		};
/* End XCConfigurationList section */
	};
	rootObject = 7AE0E46C2522430B0047A951 /* Project object */;
}
